<?xml version="1.0" encoding="utf-8"?>
<Project ToolsVersion="4.0" xmlns="http://schemas.microsoft.com/developer/msbuild/2003">
  <ItemGroup>
    <Filter Include="Source Files">
      <UniqueIdentifier>{4FC737F1-C7A5-4376-A066-2A32D752A2FF}</UniqueIdentifier>
      <Extensions>cpp;c;cc;cxx;def;odl;idl;hpj;bat;asm;asmx</Extensions>
    </Filter>
    <Filter Include="Header Files">
      <UniqueIdentifier>{93995380-89BD-4b04-88EB-625FBE52EBFB}</UniqueIdentifier>
      <Extensions>h;hh;hpp;hxx;hm;inl;inc;ipp;xsd</Extensions>
    </Filter>
    <Filter Include="Header Files\System">
      <UniqueIdentifier>{43eaab83-3b9c-4db6-8b0b-139f435ad597}</UniqueIdentifier>
    </Filter>
    <Filter Include="Source Files\System">
      <UniqueIdentifier>{b3f29e9d-1f08-46ca-8324-9eee47889630}</UniqueIdentifier>
    </Filter>
    <Filter Include="Source Files\Renderable">
      <UniqueIdentifier>{deee19dd-86eb-40c6-90a6-9506fc284f57}</UniqueIdentifier>
    </Filter>
    <Filter Include="Header Files\Renderable">
      <UniqueIdentifier>{956b3358-90c2-4cfa-978d-9286345c2c92}</UniqueIdentifier>
    </Filter>
    <Filter Include="Source Files\Renderable\Text">
      <UniqueIdentifier>{eb3b8201-fca8-48f4-8169-a93a06ac858d}</UniqueIdentifier>
    </Filter>
    <Filter Include="Header Files\Renderable\Text">
      <UniqueIdentifier>{9351f364-e889-4086-a32c-3f156c4ed047}</UniqueIdentifier>
    </Filter>
    <Filter Include="Source Files\ECS">
      <UniqueIdentifier>{2257439f-e9c3-4741-a669-4dbedb35d166}</UniqueIdentifier>
    </Filter>
    <Filter Include="Header Files\ECS">
      <UniqueIdentifier>{036a6b90-5539-4fb1-8c8a-cf7c949b40fb}</UniqueIdentifier>
    </Filter>
    <Filter Include="Header Files\ECS\Entity">
      <UniqueIdentifier>{f0e29bf2-05c2-4897-b678-7974b838cce7}</UniqueIdentifier>
    </Filter>
    <Filter Include="Source Files\ECS\Entity">
      <UniqueIdentifier>{53faf6e9-d30f-4363-ba6c-113254a5148f}</UniqueIdentifier>
    </Filter>
    <Filter Include="Header Files\ECS\Component">
      <UniqueIdentifier>{603776e6-eb41-49a3-a0ae-c1c29ecd51a7}</UniqueIdentifier>
    </Filter>
    <Filter Include="Source Files\ECS\Component">
      <UniqueIdentifier>{6fb6a3d7-737a-4fe7-bc81-b984191b74ac}</UniqueIdentifier>
    </Filter>
    <Filter Include="Header Files\ECS\System">
      <UniqueIdentifier>{4bc889c3-6a4f-4b12-b846-4b98ffd2736f}</UniqueIdentifier>
    </Filter>
    <Filter Include="Source Files\ECS\System">
      <UniqueIdentifier>{849010fb-f05b-4f8b-9296-76e81cc29fad}</UniqueIdentifier>
    </Filter>
    <Filter Include="Header Files\Command">
      <UniqueIdentifier>{8e01687e-22b9-45d3-9fa9-3a3133bba9b9}</UniqueIdentifier>
    </Filter>
    <Filter Include="Source Files\Command">
      <UniqueIdentifier>{190e50f0-e062-4acd-9941-b315f1e6eb51}</UniqueIdentifier>
    </Filter>
    <Filter Include="Header Files\Messaging">
      <UniqueIdentifier>{505c23c5-7ae6-4891-b4dc-0033606631e2}</UniqueIdentifier>
    </Filter>
    <Filter Include="Source Files\Messaging">
      <UniqueIdentifier>{65963e35-3bc2-40c6-ace5-be7257ee0c02}</UniqueIdentifier>
    </Filter>
    <Filter Include="Header Files\Renderable\UI">
      <UniqueIdentifier>{8fc54d2f-a3f4-4819-b2ca-8f8dd326e126}</UniqueIdentifier>
    </Filter>
    <Filter Include="Source Files\Renderable\UI">
      <UniqueIdentifier>{53227ac0-833f-486a-b5a8-3504e2a835ce}</UniqueIdentifier>
    </Filter>
    <Filter Include="Source Files\Renderable\Console">
      <UniqueIdentifier>{5846bebc-b61e-42c1-9be9-c606f408b842}</UniqueIdentifier>
    </Filter>
    <Filter Include="Header Files\Renderable\Console">
      <UniqueIdentifier>{66c90a7f-4bc2-4e23-9944-8e4daee3afe6}</UniqueIdentifier>
    </Filter>
    <Filter Include="Source Files\ECS\System\EventSystem">
      <UniqueIdentifier>{b8aaf22e-da04-49e5-896d-dced1979c9e4}</UniqueIdentifier>
    </Filter>
    <Filter Include="Header Files\ECS\System\EventSystem">
      <UniqueIdentifier>{70a6384d-fb69-442b-add7-a410510bed2f}</UniqueIdentifier>
    </Filter>
    <Filter Include="Header Files\Utils">
      <UniqueIdentifier>{d5a6f378-16bd-4538-8804-7452fb50c332}</UniqueIdentifier>
    </Filter>
    <Filter Include="Source Files\Utils">
      <UniqueIdentifier>{b4122d69-14b0-4ac6-ab81-11a431dedd91}</UniqueIdentifier>
    </Filter>
  </ItemGroup>
  <ItemGroup>
    <ClCompile Include="Engine.cpp">
      <Filter>Source Files\System</Filter>
    </ClCompile>
    <ClCompile Include="Window.cpp">
      <Filter>Source Files\System</Filter>
    </ClCompile>
    <ClCompile Include="Main.cpp">
      <Filter>Source Files\System</Filter>
    </ClCompile>
    <ClCompile Include="Font.cpp">
      <Filter>Source Files\Renderable\Text</Filter>
    </ClCompile>
    <ClCompile Include="Text.cpp">
      <Filter>Source Files\Renderable\Text</Filter>
    </ClCompile>
    <ClCompile Include="Entity.cpp">
      <Filter>Source Files\ECS\Entity</Filter>
    </ClCompile>
    <ClCompile Include="GraphicSystem.cpp">
      <Filter>Source Files\ECS\System</Filter>
    </ClCompile>
    <ClCompile Include="CommandList.cpp">
      <Filter>Source Files\Command</Filter>
    </ClCompile>
    <ClCompile Include="Subscriber.cpp">
      <Filter>Source Files\Messaging</Filter>
    </ClCompile>
    <ClCompile Include="Camera.cpp">
      <Filter>Source Files\System</Filter>
    </ClCompile>
    <ClCompile Include="RenderableRectangle.cpp">
      <Filter>Source Files\Renderable</Filter>
    </ClCompile>
    <ClCompile Include="TextInRect.cpp">
      <Filter>Source Files\Renderable\UI</Filter>
    </ClCompile>
    <ClCompile Include="TextArea.cpp">
      <Filter>Source Files\Renderable\UI</Filter>
    </ClCompile>
    <ClCompile Include="InputBar.cpp">
      <Filter>Source Files\Renderable\UI</Filter>
    </ClCompile>
    <ClCompile Include="Console.cpp">
      <Filter>Source Files\Renderable\Console</Filter>
    </ClCompile>
    <ClCompile Include="Publisher.cpp">
      <Filter>Source Files\Messaging</Filter>
    </ClCompile>
    <ClCompile Include="Angle.cpp">
      <Filter>Source Files\Utils</Filter>
    </ClCompile>
    <ClCompile Include="EventSystem.cpp">
      <Filter>Source Files\ECS\System\EventSystem</Filter>
    </ClCompile>
    <ClCompile Include="ConsoleEventHandler.cpp">
      <Filter>Source Files\ECS\System\EventSystem</Filter>
    </ClCompile>
    <ClCompile Include="SDLInit.cpp">
      <Filter>Source Files\System</Filter>
    </ClCompile>
    <ClCompile Include="Button.cpp">
      <Filter>Source Files\Renderable\UI</Filter>
    </ClCompile>
    <ClCompile Include="CommandFps.cpp">
      <Filter>Source Files\Command</Filter>
    </ClCompile>
    <ClCompile Include="ComponentHandle.cpp">
      <Filter>Source Files\ECS\Component</Filter>
    </ClCompile>
    <ClCompile Include="Message.cpp">
      <Filter>Source Files\Messaging</Filter>
    </ClCompile>
    <ClCompile Include="Drawer.cpp">
      <Filter>Source Files\Utils</Filter>
    </ClCompile>
  </ItemGroup>
  <ItemGroup>
    <ClInclude Include="Clock.h">
      <Filter>Header Files\Utils</Filter>
    </ClInclude>
    <ClInclude Include="Engine.h">
      <Filter>Header Files\System</Filter>
    </ClInclude>
    <ClInclude Include="Window.h">
      <Filter>Header Files\System</Filter>
    </ClInclude>
    <ClInclude Include="Font.h">
      <Filter>Header Files\Renderable\Text</Filter>
    </ClInclude>
    <ClInclude Include="Text.h">
      <Filter>Header Files\Renderable\Text</Filter>
    </ClInclude>
    <ClInclude Include="Color.h">
      <Filter>Header Files\Utils</Filter>
    </ClInclude>
    <ClInclude Include="Rectangle.h">
      <Filter>Header Files\Utils</Filter>
    </ClInclude>
    <ClInclude Include="Angle.h">
      <Filter>Header Files\Utils</Filter>
    </ClInclude>
    <ClInclude Include="Entity.h">
      <Filter>Header Files\ECS\Entity</Filter>
    </ClInclude>
    <ClInclude Include="System.h">
      <Filter>Header Files\ECS\System</Filter>
    </ClInclude>
    <ClInclude Include="GraphicSystem.h">
      <Filter>Header Files\ECS\System</Filter>
    </ClInclude>
    <ClInclude Include="Command.h">
      <Filter>Header Files\Command</Filter>
    </ClInclude>
    <ClInclude Include="CommandList.h">
      <Filter>Header Files\Command</Filter>
    </ClInclude>
    <ClInclude Include="Handle.h">
      <Filter>Header Files\Utils</Filter>
    </ClInclude>
    <ClInclude Include="Factory.h">
      <Filter>Header Files\ECS\Component</Filter>
    </ClInclude>
    <ClInclude Include="IDGenerator.h">
      <Filter>Header Files\Utils</Filter>
    </ClInclude>
    <ClInclude Include="Message.h">
      <Filter>Header Files\Messaging</Filter>
    </ClInclude>
    <ClInclude Include="Subscriber.h">
      <Filter>Header Files\Messaging</Filter>
    </ClInclude>
    <ClInclude Include="Publisher.h">
      <Filter>Header Files\Messaging</Filter>
    </ClInclude>
    <ClInclude Include="Renderable.h">
      <Filter>Header Files\Renderable</Filter>
    </ClInclude>
    <ClInclude Include="RenderableRectangle.h">
      <Filter>Header Files\Renderable</Filter>
    </ClInclude>
    <ClInclude Include="TextInRect.h">
      <Filter>Header Files\Renderable\UI</Filter>
    </ClInclude>
    <ClInclude Include="TextArea.h">
      <Filter>Header Files\Renderable\UI</Filter>
    </ClInclude>
    <ClInclude Include="TextInput.h">
      <Filter>Source Files\Renderable\Text</Filter>
    </ClInclude>
    <ClInclude Include="InputBar.h">
      <Filter>Header Files\Renderable\UI</Filter>
    </ClInclude>
    <ClInclude Include="Console.h">
      <Filter>Header Files\Renderable\Console</Filter>
    </ClInclude>
    <ClInclude Include="Camera.h">
      <Filter>Header Files\System</Filter>
    </ClInclude>
    <ClInclude Include="EventSystem.h">
      <Filter>Header Files\ECS\System\EventSystem</Filter>
    </ClInclude>
    <ClInclude Include="EventHandler.h">
      <Filter>Header Files\ECS\System\EventSystem</Filter>
    </ClInclude>
    <ClInclude Include="ConsoleEventHandler.h">
      <Filter>Header Files\ECS\System\EventSystem</Filter>
    </ClInclude>
    <ClInclude Include="StringSplit.h">
      <Filter>Header Files\Utils</Filter>
    </ClInclude>
    <ClInclude Include="StringTo.h">
      <Filter>Header Files\Utils</Filter>
    </ClInclude>
    <ClInclude Include="TextToCommand.h">
      <Filter>Header Files\Utils</Filter>
    </ClInclude>
    <ClInclude Include="CommandError.h">
      <Filter>Header Files\Command</Filter>
    </ClInclude>
    <ClInclude Include="Button.h">
      <Filter>Header Files\Renderable\UI</Filter>
    </ClInclude>
    <ClInclude Include="CommandFps.h">
      <Filter>Header Files\Command</Filter>
    </ClInclude>
    <ClInclude Include="CommandQuit.h">
      <Filter>Header Files\Command</Filter>
    </ClInclude>
    <ClInclude Include="CommandOpenConsole.h">
      <Filter>Header Files\Command</Filter>
    </ClInclude>
    <ClInclude Include="ComponentHandle.h">
      <Filter>Header Files\ECS\Component</Filter>
    </ClInclude>
    <ClInclude Include="Vector2.h">
      <Filter>Header Files\Utils</Filter>
    </ClInclude>
    <ClInclude Include="Drawer.h">
      <Filter>Header Files\Utils</Filter>
    </ClInclude>
    <ClInclude Include="CommandNbrEventHandler.h">
      <Filter>Header Files\Command</Filter>
    </ClInclude>
    <ClInclude Include="CommandNbrOfSystem.h">
      <Filter>Header Files\Command</Filter>
    </ClInclude>
    <ClInclude Include="CommandTimeScale.h">
      <Filter>Header Files\Command</Filter>
    </ClInclude>
  </ItemGroup>
</Project>