<?xml version="1.0" encoding="utf-8"?>
<Project ToolsVersion="4.0" xmlns="http://schemas.microsoft.com/developer/msbuild/2003">
  <ItemGroup>
    <Filter Include="Source Files">
      <UniqueIdentifier>{4FC737F1-C7A5-4376-A066-2A32D752A2FF}</UniqueIdentifier>
      <Extensions>cpp;c;cc;cxx;c++;def;odl;idl;hpj;bat;asm;asmx</Extensions>
    </Filter>
    <Filter Include="Header Files">
      <UniqueIdentifier>{93995380-89BD-4b04-88EB-625FBE52EBFB}</UniqueIdentifier>
      <Extensions>h;hh;hpp;hxx;h++;hm;inl;inc;ipp;xsd</Extensions>
    </Filter>
    <Filter Include="Resource Files">
      <UniqueIdentifier>{67DA6AB6-F800-4c08-8B7A-83BB121AAD01}</UniqueIdentifier>
      <Extensions>rc;ico;cur;bmp;dlg;rc2;rct;bin;rgs;gif;jpg;jpeg;jpe;resx;tiff;tif;png;wav;mfcribbon-ms</Extensions>
    </Filter>
    <Filter Include="Header Files\ECS">
      <UniqueIdentifier>{d951c661-3e6a-4f22-965b-0e4ee803d1af}</UniqueIdentifier>
    </Filter>
    <Filter Include="Header Files\ECS\Entity">
      <UniqueIdentifier>{2e3d0306-d846-4767-ac52-31a11a3ab7b6}</UniqueIdentifier>
    </Filter>
    <Filter Include="Header Files\ECS\Component">
      <UniqueIdentifier>{8deb0776-ba72-4025-8669-84e45d075850}</UniqueIdentifier>
    </Filter>
    <Filter Include="Header Files\ECS\System">
      <UniqueIdentifier>{7936d5ce-1d53-48ca-a038-2afc260b2f35}</UniqueIdentifier>
    </Filter>
    <Filter Include="Header Files\Command">
      <UniqueIdentifier>{95538fa6-a854-4b1b-b413-a7b17e5fa8f3}</UniqueIdentifier>
    </Filter>
    <Filter Include="Header Files\Utils">
      <UniqueIdentifier>{33f857b5-1b64-4ce5-a26a-36ba8dc3ca88}</UniqueIdentifier>
    </Filter>
    <Filter Include="Header Files\General">
      <UniqueIdentifier>{0663d642-8d85-477a-9384-c1ad029dafc6}</UniqueIdentifier>
    </Filter>
    <Filter Include="Source Files\ECS">
      <UniqueIdentifier>{bc1643cb-18c3-4a78-9c4b-2d465f14df50}</UniqueIdentifier>
    </Filter>
    <Filter Include="Source Files\ECS\Entity">
      <UniqueIdentifier>{3652e891-14c5-4d05-aedf-b8138c6eb299}</UniqueIdentifier>
    </Filter>
    <Filter Include="Source Files\ECS\Component">
      <UniqueIdentifier>{f1752103-f406-4223-a0b2-8c18d01c287a}</UniqueIdentifier>
    </Filter>
    <Filter Include="Source Files\ECS\System">
      <UniqueIdentifier>{5c0ba13f-312d-47a2-a051-299b19d0079f}</UniqueIdentifier>
    </Filter>
    <Filter Include="Source Files\Command">
      <UniqueIdentifier>{bd478912-e5c9-450b-ab3b-84a87f0721ec}</UniqueIdentifier>
    </Filter>
    <Filter Include="Source Files\General">
      <UniqueIdentifier>{17a40546-3e5e-4c46-9826-f95b96607fa7}</UniqueIdentifier>
    </Filter>
    <Filter Include="Source Files\Utils">
      <UniqueIdentifier>{215c27b3-3cdc-4250-b915-af549a6fa9d7}</UniqueIdentifier>
    </Filter>
  </ItemGroup>
  <ItemGroup>
    <ClCompile Include="Core.cpp">
      <Filter>Source Files\General</Filter>
    </ClCompile>
    <ClCompile Include="Main.cpp">
      <Filter>Source Files\General</Filter>
    </ClCompile>
    <ClCompile Include="MovementSystem.cpp">
      <Filter>Source Files\ECS\System</Filter>
    </ClCompile>
    <ClCompile Include="EntityHandler.cpp">
      <Filter>Source Files\ECS\Entity</Filter>
    </ClCompile>
  </ItemGroup>
  <ItemGroup>
    <ClInclude Include="Core.h">
      <Filter>Header Files\General</Filter>
    </ClInclude>
    <ClInclude Include="MovementComponent.h">
      <Filter>Header Files\ECS\Component</Filter>
    </ClInclude>
    <ClInclude Include="MovementSystem.h">
      <Filter>Header Files\ECS\System</Filter>
    </ClInclude>
    <ClInclude Include="GameValues.h">
      <Filter>Header Files\General</Filter>
    </ClInclude>
    <ClInclude Include="EntityHandler.h">
      <Filter>Header Files\ECS\Entity</Filter>
    </ClInclude>
  </ItemGroup>
</Project>